
Microsoft Visual Studio Solution File, Format Version 12.00
# Visual Studio 2013
VisualStudioVersion = 12.0.31101.0
MinimumVisualStudioVersion = 10.0.40219.1
Project("{F184B08F-C81C-45F6-A57F-5ABD9991F28F}") = "ZGuideTVDotNet", "ZGuideTVDotNet.vbproj", "{623D2B43-C0D3-4558-A611-1BE728AB49A1}"
EndProject
Global
	GlobalSection(SolutionConfigurationPlatforms) = preSolution
		Debug|Any CPU = Debug|Any CPU
		Debug|x86 = Debug|x86
		Release|Any CPU = Release|Any CPU
		Release|x86 = Release|x86
	EndGlobalSection
	GlobalSection(ProjectConfigurationPlatforms) = postSolution
		{623D2B43-C0D3-4558-A611-1BE728AB49A1}.Debug|Any CPU.ActiveCfg = Debug|Any CPU
		{623D2B43-C0D3-4558-A611-1BE728AB49A1}.Debug|Any CPU.Build.0 = Debug|Any CPU
		{623D2B43-C0D3-4558-A611-1BE728AB49A1}.Debug|x86.ActiveCfg = Debug|Any CPU
		{623D2B43-C0D3-4558-A611-1BE728AB49A1}.Debug|x86.Build.0 = Debug|Any CPU
		{623D2B43-C0D3-4558-A611-1BE728AB49A1}.Release|Any CPU.ActiveCfg = Release|Any CPU
		{623D2B43-C0D3-4558-A611-1BE728AB49A1}.Release|Any CPU.Build.0 = Release|Any CPU
		{623D2B43-C0D3-4558-A611-1BE728AB49A1}.Release|x86.ActiveCfg = Release|Any CPU
		{623D2B43-C0D3-4558-A611-1BE728AB49A1}.Release|x86.Build.0 = Release|Any CPU
	EndGlobalSection
	GlobalSection(SolutionProperties) = preSolution
		HideSolutionNode = FALSE
	EndGlobalSection
	GlobalSection(SubversionScc) = preSolution
		Svn-Managed = True
		Manager = AnkhSVN - Subversion Support for Visual Studio
	EndGlobalSection
	GlobalSection(NDepend) = preSolution
		Project = ".\ZGuideTV.NET.ndproj"
	EndGlobalSection
EndGlobal
